schema: '2.0'
stages:
  data_label:
    cmd: python code/data_labelling.py
    deps:
    - path: code/data_labelling.py
      hash: md5
      md5: 92ba5b2b56720fd13c0b202898cf95c2
      size: 4838
    params:
      params.yaml:
        data_labelling.csv_path: Data/raw_data/sample_Sheet1.csv
        data_labelling.input_folder: Data/raw_sample
        data_labelling.output_folder: Data/Stage_1
    outs:
    - path: Data/Stage_1
      hash: md5
      md5: be0e60875b7d3c1749d676ae998692d8.dir
      size: 811233688
      nfiles: 46
  person_crop:
    cmd: python code/person_crop_video.py
    deps:
    - path: code/person_crop_video.py
      hash: md5
      md5: 17220098ed92c47edd0c6cc4305554c5
      size: 4899
    params:
      params.yaml:
        person_cropping.input_folder: Data/Stage_1
        person_cropping.model_path: models/yolov8m.pt
        person_cropping.output_folder: Data/Stage_2
    outs:
    - path: Data/Stage_2
      hash: md5
      md5: e0eb835c48646d7bb7947fa2ab068939.dir
      size: 90902256
      nfiles: 101
