schema: '2.0'
stages:
  hori_flip:
    cmd: python code/hori_flip.py
    deps:
    - path: Data/Normal
      hash: md5
      md5: 05f7cbf8ae1253d42d72ed972b8b2edc.dir
      size: 18246816
      nfiles: 10
    - path: code/hori_flip.py
      hash: md5
      md5: 25f351cc40a95544123a0f7525968f9d
      size: 1725
  reverse:
    cmd: python code/reverse.py
    deps:
    - path: Data/Normal
      hash: md5
      md5: a4a8ffeddab5b6272e5c84f75b35dadb.dir
      size: 36135660
      nfiles: 20
    - path: code/reverse.py
      hash: md5
      md5: 7cfedf100f7539398ebbdeb25b464066
      size: 1882
